
Microsoft Visual Studio Solution File, Format Version 12.00
# Visual Studio Version 16
VisualStudioVersion = 16.0.30114.105
MinimumVisualStudioVersion = 10.0.40219.1
Project("{FAE04EC0-301F-11D3-BF4B-00C04F79EFBC}") = "Domain", "src\Domain\Domain.csproj", "{BBBBF693-E6D3-4E86-8989-9131CFAC3E11}"
EndProject
Project("{FAE04EC0-301F-11D3-BF4B-00C04F79EFBC}") = "Infrastructure", "src\Infrastructure\Infrastructure.csproj", "{EFC468E6-558B-4B8E-8A08-C17BA724ACBF}"
EndProject
Project("{FAE04EC0-301F-11D3-BF4B-00C04F79EFBC}") = "Application", "src\Application\Application.csproj", "{1FD3F934-E653-46BF-92FE-9C2A4212EB4F}"
EndProject
Project("{FAE04EC0-301F-11D3-BF4B-00C04F79EFBC}") = "WebAPI", "src\WebAPI\WebAPI.csproj", "{51CE5418-EB6E-4AF5-8AD8-BE06B31C6C41}"
EndProject
Global
	GlobalSection(SolutionConfigurationPlatforms) = preSolution
		Debug|Any CPU = Debug|Any CPU
		Release|Any CPU = Release|Any CPU
	EndGlobalSection
	GlobalSection(SolutionProperties) = preSolution
		HideSolutionNode = FALSE
	EndGlobalSection
	GlobalSection(ProjectConfigurationPlatforms) = postSolution
		{BBBBF693-E6D3-4E86-8989-9131CFAC3E11}.Debug|Any CPU.ActiveCfg = Debug|Any CPU
		{BBBBF693-E6D3-4E86-8989-9131CFAC3E11}.Debug|Any CPU.Build.0 = Debug|Any CPU
		{BBBBF693-E6D3-4E86-8989-9131CFAC3E11}.Release|Any CPU.ActiveCfg = Release|Any CPU
		{BBBBF693-E6D3-4E86-8989-9131CFAC3E11}.Release|Any CPU.Build.0 = Release|Any CPU
		{EFC468E6-558B-4B8E-8A08-C17BA724ACBF}.Debug|Any CPU.ActiveCfg = Debug|Any CPU
		{EFC468E6-558B-4B8E-8A08-C17BA724ACBF}.Debug|Any CPU.Build.0 = Debug|Any CPU
		{EFC468E6-558B-4B8E-8A08-C17BA724ACBF}.Release|Any CPU.ActiveCfg = Release|Any CPU
		{EFC468E6-558B-4B8E-8A08-C17BA724ACBF}.Release|Any CPU.Build.0 = Release|Any CPU
		{1FD3F934-E653-46BF-92FE-9C2A4212EB4F}.Debug|Any CPU.ActiveCfg = Debug|Any CPU
		{1FD3F934-E653-46BF-92FE-9C2A4212EB4F}.Debug|Any CPU.Build.0 = Debug|Any CPU
		{1FD3F934-E653-46BF-92FE-9C2A4212EB4F}.Release|Any CPU.ActiveCfg = Release|Any CPU
		{1FD3F934-E653-46BF-92FE-9C2A4212EB4F}.Release|Any CPU.Build.0 = Release|Any CPU
		{51CE5418-EB6E-4AF5-8AD8-BE06B31C6C41}.Debug|Any CPU.ActiveCfg = Debug|Any CPU
		{51CE5418-EB6E-4AF5-8AD8-BE06B31C6C41}.Debug|Any CPU.Build.0 = Debug|Any CPU
		{51CE5418-EB6E-4AF5-8AD8-BE06B31C6C41}.Release|Any CPU.ActiveCfg = Release|Any CPU
		{51CE5418-EB6E-4AF5-8AD8-BE06B31C6C41}.Release|Any CPU.Build.0 = Release|Any CPU
	EndGlobalSection
EndGlobal
